
Microsoft Visual Studio Solution File, Format Version 12.00
# Visual Studio 2012
Project("{FAE04EC0-301F-11D3-BF4B-00C04F79EFBC}") = "testinging", "testinging\testinging.csproj", "{7FE4DEBB-40C1-41E4-959F-2617675B8617}"
EndProject
Project("{FAE04EC0-301F-11D3-BF4B-00C04F79EFBC}") = "localDirectory", "localDirectory\localDirectory.csproj", "{E74FE7CF-BA58-47ED-B346-F14B0D0D2FDD}"
EndProject
Global
	GlobalSection(SolutionConfigurationPlatforms) = preSolution
		Debug|Any CPU = Debug|Any CPU
		Release|Any CPU = Release|Any CPU
	EndGlobalSection
	GlobalSection(ProjectConfigurationPlatforms) = postSolution
		{7FE4DEBB-40C1-41E4-959F-2617675B8617}.Debug|Any CPU.ActiveCfg = Debug|Any CPU
		{7FE4DEBB-40C1-41E4-959F-2617675B8617}.Debug|Any CPU.Build.0 = Debug|Any CPU
		{7FE4DEBB-40C1-41E4-959F-2617675B8617}.Release|Any CPU.ActiveCfg = Release|Any CPU
		{7FE4DEBB-40C1-41E4-959F-2617675B8617}.Release|Any CPU.Build.0 = Release|Any CPU
		{E74FE7CF-BA58-47ED-B346-F14B0D0D2FDD}.Debug|Any CPU.ActiveCfg = Debug|Any CPU
		{E74FE7CF-BA58-47ED-B346-F14B0D0D2FDD}.Debug|Any CPU.Build.0 = Debug|Any CPU
		{E74FE7CF-BA58-47ED-B346-F14B0D0D2FDD}.Release|Any CPU.ActiveCfg = Release|Any CPU
		{E74FE7CF-BA58-47ED-B346-F14B0D0D2FDD}.Release|Any CPU.Build.0 = Release|Any CPU
	EndGlobalSection
EndGlobal
